
Microsoft Visual Studio Solution File, Format Version 12.00
# Visual Studio Version 16
VisualStudioVersion = 16.0.31515.178
MinimumVisualStudioVersion = 10.0.40219.1
Project("{E24C65DC-7377-472B-9ABA-BC803B73C61A}") = "Docente-Service", "Docente-Service\", "{7D7CDEEA-3DCD-4A68-B424-152664E2FB0A}"
	ProjectSection(WebsiteProperties) = preProject
		TargetFrameworkMoniker = ".NETFramework,Version%3Dv4.7.2"
		Debug.AspNetCompiler.VirtualPath = "/localhost_63598"
		Debug.AspNetCompiler.PhysicalPath = "Docente-Service\"
		Debug.AspNetCompiler.TargetPath = "PrecompiledWeb\localhost_63598\"
		Debug.AspNetCompiler.Updateable = "true"
		Debug.AspNetCompiler.ForceOverwrite = "true"
		Debug.AspNetCompiler.FixedNames = "false"
		Debug.AspNetCompiler.Debug = "True"
		Release.AspNetCompiler.VirtualPath = "/localhost_63598"
		Release.AspNetCompiler.PhysicalPath = "Docente-Service\"
		Release.AspNetCompiler.TargetPath = "PrecompiledWeb\localhost_63598\"
		Release.AspNetCompiler.Updateable = "true"
		Release.AspNetCompiler.ForceOverwrite = "true"
		Release.AspNetCompiler.FixedNames = "false"
		Release.AspNetCompiler.Debug = "False"
		VWDPort = "63598"
		SlnRelativePath = "Docente-Service\"
		DefaultWebSiteLanguage = "Visual C#"
	EndProjectSection
EndProject
Project("{9A19103F-16F7-4668-BE54-9A1E7A4F7556}") = "DocenteSOAPClient", "DocenteSOAPClient\DocenteSOAPClient.csproj", "{7487964B-0F93-4EE8-BA0C-BF2354298086}"
EndProject
Global
	GlobalSection(SolutionConfigurationPlatforms) = preSolution
		Debug|Any CPU = Debug|Any CPU
		Release|Any CPU = Release|Any CPU
	EndGlobalSection
	GlobalSection(ProjectConfigurationPlatforms) = postSolution
		{7D7CDEEA-3DCD-4A68-B424-152664E2FB0A}.Debug|Any CPU.ActiveCfg = Debug|Any CPU
		{7D7CDEEA-3DCD-4A68-B424-152664E2FB0A}.Debug|Any CPU.Build.0 = Debug|Any CPU
		{7D7CDEEA-3DCD-4A68-B424-152664E2FB0A}.Release|Any CPU.ActiveCfg = Debug|Any CPU
		{7D7CDEEA-3DCD-4A68-B424-152664E2FB0A}.Release|Any CPU.Build.0 = Debug|Any CPU
		{7487964B-0F93-4EE8-BA0C-BF2354298086}.Debug|Any CPU.ActiveCfg = Debug|Any CPU
		{7487964B-0F93-4EE8-BA0C-BF2354298086}.Debug|Any CPU.Build.0 = Debug|Any CPU
		{7487964B-0F93-4EE8-BA0C-BF2354298086}.Release|Any CPU.ActiveCfg = Release|Any CPU
		{7487964B-0F93-4EE8-BA0C-BF2354298086}.Release|Any CPU.Build.0 = Release|Any CPU
	EndGlobalSection
	GlobalSection(SolutionProperties) = preSolution
		HideSolutionNode = FALSE
	EndGlobalSection
	GlobalSection(ExtensibilityGlobals) = postSolution
		SolutionGuid = {BD6D2328-19D1-4B03-A868-1EEC5D68C314}
	EndGlobalSection
EndGlobal
